
Microsoft Visual Studio Solution File, Format Version 12.00
# Visual Studio Version 16
VisualStudioVersion = 16.0.30503.244
MinimumVisualStudioVersion = 10.0.40219.1
Project("{8BC9CEB8-8B4A-11D0-8D11-00A0C91BC942}") = "Advanced Programming Lab 4", "Advanced Programming Lab 4\Advanced Programming Lab 4.vcxproj", "{545925AE-DC1E-4AEB-AD84-D265820A812D}"
EndProject
Global
	GlobalSection(SolutionConfigurationPlatforms) = preSolution
		Debug|x64 = Debug|x64
		Debug|x86 = Debug|x86
		Release|x64 = Release|x64
		Release|x86 = Release|x86
	EndGlobalSection
	GlobalSection(ProjectConfigurationPlatforms) = postSolution
		{545925AE-DC1E-4AEB-AD84-D265820A812D}.Debug|x64.ActiveCfg = Debug|x64
		{545925AE-DC1E-4AEB-AD84-D265820A812D}.Debug|x64.Build.0 = Debug|x64
		{545925AE-DC1E-4AEB-AD84-D265820A812D}.Debug|x86.ActiveCfg = Debug|Win32
		{545925AE-DC1E-4AEB-AD84-D265820A812D}.Debug|x86.Build.0 = Debug|Win32
		{545925AE-DC1E-4AEB-AD84-D265820A812D}.Release|x64.ActiveCfg = Release|x64
		{545925AE-DC1E-4AEB-AD84-D265820A812D}.Release|x64.Build.0 = Release|x64
		{545925AE-DC1E-4AEB-AD84-D265820A812D}.Release|x86.ActiveCfg = Release|Win32
		{545925AE-DC1E-4AEB-AD84-D265820A812D}.Release|x86.Build.0 = Release|Win32
	EndGlobalSection
	GlobalSection(SolutionProperties) = preSolution
		HideSolutionNode = FALSE
	EndGlobalSection
	GlobalSection(ExtensibilityGlobals) = postSolution
		SolutionGuid = {B0FE0E02-A40F-4170-BA1C-B2C6AC63DED0}
	EndGlobalSection
EndGlobal
